# This file is generated by running "yarn install" inside your project.
# Manual changes might be lost - proceed with caution!

__metadata:
  version: 6
  cacheKey: 8

"@tinymce/tinymce-react@npm:^6.1.0":
  version: 6.1.0
  resolution: "@tinymce/tinymce-react@npm:6.1.0"
  dependencies:
    prop-types: ^15.6.2
  peerDependencies:
    react: ^19.0.0 || ^18.0.0 || ^17.0.1 || ^16.7.0
    react-dom: ^19.0.0 || ^18.0.0 || ^17.0.1 || ^16.7.0
    tinymce: ^7.0.0 || ^6.0.0 || ^5.5.1
  peerDependenciesMeta:
    tinymce:
      optional: true
  checksum: d8c475bedc29727502f67be6cedf4de99e0bbe1a9462a0c09abc22eaf0e43187ba70ac88cab487e3d1bdba0f7385c992b9c2c3d617bc2fcb7e061847a98d1b4a
  languageName: node
  linkType: hard

"@user27828/shared-utils@workspace:.":
  version: 0.0.0-use.local
  resolution: "@user27828/shared-utils@workspace:."
  dependencies:
    "@tinymce/tinymce-react": ^6.1.0
    tinymce: ^7.8.0
  bin:
    docker-build: ./bin/docker-build.sh
    killnode: ./bin/killnode.sh
    vite-preview-envs: ./bin/vite-preview-envs.sh
    yarn-upgrade-interactive: ./bin/package-upgrades.sh
  languageName: unknown
  linkType: soft

"js-tokens@npm:^3.0.0 || ^4.0.0":
  version: 4.0.0
  resolution: "js-tokens@npm:4.0.0"
  checksum: 8a95213a5a77deb6cbe94d86340e8d9ace2b93bc367790b260101d2f36a2eaf4e4e22d9fa9cf459b38af3a32fb4190e638024cf82ec95ef708680e405ea7cc78
  languageName: node
  linkType: hard

"loose-envify@npm:^1.4.0":
  version: 1.4.0
  resolution: "loose-envify@npm:1.4.0"
  dependencies:
    js-tokens: ^3.0.0 || ^4.0.0
  bin:
    loose-envify: cli.js
  checksum: 6517e24e0cad87ec9888f500c5b5947032cdfe6ef65e1c1936a0c48a524b81e65542c9c3edc91c97d5bddc806ee2a985dbc79be89215d613b1de5db6d1cfe6f4
  languageName: node
  linkType: hard

"object-assign@npm:^4.1.1":
  version: 4.1.1
  resolution: "object-assign@npm:4.1.1"
  checksum: fcc6e4ea8c7fe48abfbb552578b1c53e0d194086e2e6bbbf59e0a536381a292f39943c6e9628af05b5528aa5e3318bb30d6b2e53cadaf5b8fe9e12c4b69af23f
  languageName: node
  linkType: hard

"prop-types@npm:^15.6.2":
  version: 15.8.1
  resolution: "prop-types@npm:15.8.1"
  dependencies:
    loose-envify: ^1.4.0
    object-assign: ^4.1.1
    react-is: ^16.13.1
  checksum: c056d3f1c057cb7ff8344c645450e14f088a915d078dcda795041765047fa080d38e5d626560ccaac94a4e16e3aa15f3557c1a9a8d1174530955e992c675e459
  languageName: node
  linkType: hard

"react-is@npm:^16.13.1":
  version: 16.13.1
  resolution: "react-is@npm:16.13.1"
  checksum: f7a19ac3496de32ca9ae12aa030f00f14a3d45374f1ceca0af707c831b2a6098ef0d6bdae51bd437b0a306d7f01d4677fcc8de7c0d331eb47ad0f46130e53c5f
  languageName: node
  linkType: hard

"tinymce@npm:^7.8.0":
  version: 7.8.0
  resolution: "tinymce@npm:7.8.0"
  checksum: e130e1921c9a4f37ec012a9e4e5308a809128740aed1c1e9235b4203c7971ff43b40e9bd8e2307ccef59269ba4b4e2838624019c503762e7332dc45a7e5862ef
  languageName: node
  linkType: hard
